
Microsoft Visual Studio Solution File, Format Version 12.00
# Visual Studio 15
VisualStudioVersion = 15.0.28307.779
MinimumVisualStudioVersion = 10.0.40219.1
Project("{FAE04EC0-301F-11D3-BF4B-00C04F79EFBC}") = "СreatorDB", "СreatorDB\СreatorDB.csproj", "{B9283B1C-A12C-448F-8604-53599E623D25}"
EndProject
Global
	GlobalSection(SolutionConfigurationPlatforms) = preSolution
		Debug|Any CPU = Debug|Any CPU
		Release|Any CPU = Release|Any CPU
	EndGlobalSection
	GlobalSection(ProjectConfigurationPlatforms) = postSolution
		{B9283B1C-A12C-448F-8604-53599E623D25}.Debug|Any CPU.ActiveCfg = Debug|Any CPU
		{B9283B1C-A12C-448F-8604-53599E623D25}.Debug|Any CPU.Build.0 = Debug|Any CPU
		{B9283B1C-A12C-448F-8604-53599E623D25}.Release|Any CPU.ActiveCfg = Release|Any CPU
		{B9283B1C-A12C-448F-8604-53599E623D25}.Release|Any CPU.Build.0 = Release|Any CPU
	EndGlobalSection
	GlobalSection(SolutionProperties) = preSolution
		HideSolutionNode = FALSE
	EndGlobalSection
	GlobalSection(ExtensibilityGlobals) = postSolution
		SolutionGuid = {F20EE185-6D88-4078-9AEC-76643EEAE79F}
	EndGlobalSection
EndGlobal
